version: v0.162.0
dependencies:
- name: longhorn
  repository: https://charts.longhorn.io
  version: 1.6.0
- name: nfs-subdir-external-provisioner
  repository: https://kubernetes-sigs.github.io/nfs-subdir-external-provisioner/
  version: 4.0.18
digest: sha256:c6b7ad79c5665139e3e51592511d0844408d84ef22c9c79e2dcfe27332eaab07
generated: "2024-02-27T20:35:27.277135+04:00"
