version: v0.140.0
dependencies:
- name: metallb
  repository: https://metallb.github.io/metallb
  version: 0.10.2
- name: traefik
  repository: https://helm.traefik.io/traefik
  version: 10.3.6
digest: sha256:fe2110cfeb074de6a11dfd0490ebae8fac976751cca187e138066b08ad81ed04
generated: "2021-09-28T22:44:00.1693952+03:00"
