version: v0.140.0
dependencies:
- name: metallb
  repository: https://metallb.github.io/metallb
  version: 0.10.2
- name: traefik
  repository: https://helm.traefik.io/traefik
  version: 10.3.6
digest: sha256:acf0e2dd8dfaac2a8bd99162af25acbcb83bc791bb4866947f3e79f3f9135e9a
generated: "2021-09-25T04:49:31.5239498+03:00"
