version: v0.151.0
dependencies:
- name: grafana
  repository: https://grafana.github.io/helm-charts
  version: 6.52.4
- name: loki-stack
  repository: https://grafana.github.io/helm-charts
  version: 2.9.9
- name: victoria-metrics-k8s-stack
  repository: https://victoriametrics.github.io/helm-charts/
  version: 0.14.16
digest: sha256:47e0f435027c2073f19446fbb2940a8c249a7fa50b9c7413543001d6271783a7
generated: "2023-03-19T01:01:26.453393+03:00"
