version: v0.152.0
dependencies:
- name: coredns
  repository: https://coredns.github.io/helm
  version: 1.21.0
- name: flannel
  repository: https://flannel-io.github.io/flannel
  version: v0.21.4
- name: metallb
  repository: https://metallb.github.io/metallb
  version: 0.13.9
- name: tor-controller
  repository: https://bugfest.github.io/tor-controller
  version: 0.1.11
- name: traefik
  repository: https://helm.traefik.io/traefik
  version: 22.1.0
digest: sha256:fc8a14e1a62dc25f1d09c060618bcf9aa6a0e4e79cbbbe62b1f57fbe7f37371d
generated: "2023-04-11T19:24:06.576804+03:00"
