version: v0.151.0
dependencies:
- name: coredns
  repository: https://coredns.github.io/helm
  version: 1.19.7
- name: metallb
  repository: https://metallb.github.io/metallb
  version: 0.13.9
- name: tor-controller
  repository: https://bugfest.github.io/tor-controller
  version: 0.1.11
- name: traefik
  repository: https://helm.traefik.io/traefik
  version: 21.2.0
digest: sha256:c309e908ed4611fda949e9a8384a767f7baf3d726fd5445fd9a81e95f5736704
generated: "2023-03-16T13:07:33.479501+03:00"
